// !$*UTF8*$!
{
	archiveVersion = 1;
	classes = {
	};
	objectVersion = 77;
	objects = {

/* Begin PBXContainerItemProxy section */
		1A5AE5D52E1466DE0059B905 /* PBXContainerItemProxy */ = {
			isa = PBXContainerItemProxy;
			containerPortal = 1A5AE5B62E1466DC0059B905 /* Project object */;
			proxyType = 1;
			remoteGlobalIDString = 1A5AE5BD2E1466DC0059B905;
			remoteInfo = PokemonBox;
		};
		1A5AE5DF2E1466DE0059B905 /* PBXContainerItemProxy */ = {
			isa = PBXContainerItemProxy;
			containerPortal = 1A5AE5B62E1466DC0059B905 /* Project object */;
			proxyType = 1;
			remoteGlobalIDString = 1A5AE5BD2E1466DC0059B905;
			remoteInfo = PokemonBox;
		};
/* End PBXContainerItemProxy section */

/* Begin PBXFileReference section */
		1A5AE5BE2E1466DD0059B905 /* PokemonBox.app */ = {isa = PBXFileReference; explicitFileType = wrapper.application; includeInIndex = 0; path = PokemonBox.app; sourceTree = BUILT_PRODUCTS_DIR; };
		1A5AE5D42E1466DE0059B905 /* PokemonBoxTests.xctest */ = {isa = PBXFileReference; explicitFileType = wrapper.cfbundle; includeInIndex = 0; path = PokemonBoxTests.xctest; sourceTree = BUILT_PRODUCTS_DIR; };
		1A5AE5DE2E1466DE0059B905 /* PokemonBoxUITests.xctest */ = {isa = PBXFileReference; explicitFileType = wrapper.cfbundle; includeInIndex = 0; path = PokemonBoxUITests.xctest; sourceTree = BUILT_PRODUCTS_DIR; };
/* End PBXFileReference section */

/* Begin PBXFileSystemSynchronizedBuildFileExceptionSet section */
		1A5AE5E62E1466DE0059B905 /* Exceptions for "PokemonBox" folder in "PokemonBox" target */ = {
			isa = PBXFileSystemSynchronizedBuildFileExceptionSet;
			membershipExceptions = (
				Info.plist,
			);
			target = 1A5AE5BD2E1466DC0059B905 /* PokemonBox */;
		};
/* End PBXFileSystemSynchronizedBuildFileExceptionSet section */

/* Begin PBXFileSystemSynchronizedRootGroup section */
		1A5AE5C02E1466DD0059B905 /* PokemonBox */ = {
			isa = PBXFileSystemSynchronizedRootGroup;
			exceptions = (
				1A5AE5E62E1466DE0059B905 /* Exceptions for "PokemonBox" folder in "PokemonBox" target */,
			);
			path = PokemonBox;
			sourceTree = "<group>";
		};
		1A5AE5D72E1466DE0059B905 /* PokemonBoxTests */ = {
			isa = PBXFileSystemSynchronizedRootGroup;
			path = PokemonBoxTests;
			sourceTree = "<group>";
		};
		1A5AE5E12E1466DE0059B905 /* PokemonBoxUITests */ = {
			isa = PBXFileSystemSynchronizedRootGroup;
			path = PokemonBoxUITests;
			sourceTree = "<group>";
		};
/* End PBXFileSystemSynchronizedRootGroup section */

/* Begin PBXFrameworksBuildPhase section */
		1A5AE5BB2E1466DC0059B905 /* Frameworks */ = {
			isa = PBXFrameworksBuildPhase;
			buildActionMask = 2147483647;
			files = (
			);
			runOnlyForDeploymentPostprocessing = 0;
		};
		1A5AE5D12E1466DE0059B905 /* Frameworks */ = {
			isa = PBXFrameworksBuildPhase;
			buildActionMask = 2147483647;
			files = (
			);
			runOnlyForDeploymentPostprocessing = 0;
		};
		1A5AE5DB2E1466DE0059B905 /* Frameworks */ = {
			isa = PBXFrameworksBuildPhase;
			buildActionMask = 2147483647;
			files = (
			);
			runOnlyForDeploymentPostprocessing = 0;
		};
/* End PBXFrameworksBuildPhase section */

/* Begin PBXGroup section */
		1A5AE5B52E1466DC0059B905 = {
			isa = PBXGroup;
			children = (
				1A5AE5C02E1466DD0059B905 /* PokemonBox */,
				1A5AE5D72E1466DE0059B905 /* PokemonBoxTests */,
				1A5AE5E12E1466DE0059B905 /* PokemonBoxUITests */,
				1A5AE5BF2E1466DD0059B905 /* Products */,
			);
			sourceTree = "<group>";
		};
		1A5AE5BF2E1466DD0059B905 /* Products */ = {
			isa = PBXGroup;
			children = (
				1A5AE5BE2E1466DD0059B905 /* PokemonBox.app */,
				1A5AE5D42E1466DE0059B905 /* PokemonBoxTests.xctest */,
				1A5AE5DE2E1466DE0059B905 /* PokemonBoxUITests.xctest */,
			);
			name = Products;
			sourceTree = "<group>";
		};
/* End PBXGroup section */

/* Begin PBXNativeTarget section */
		1A5AE5BD2E1466DC0059B905 /* PokemonBox */ = {
			isa = PBXNativeTarget;
			buildConfigurationList = 1A5AE5E72E1466DE0059B905 /* Build configuration list for PBXNativeTarget "PokemonBox" */;
			buildPhases = (
				1A5AE5BA2E1466DC0059B905 /* Sources */,
				1A5AE5BB2E1466DC0059B905 /* Frameworks */,
				1A5AE5BC2E1466DC0059B905 /* Resources */,
			);
			buildRules = (
			);
			dependencies = (
			);
			fileSystemSynchronizedGroups = (
				1A5AE5C02E1466DD0059B905 /* PokemonBox */,
			);
			name = PokemonBox;
			packageProductDependencies = (
			);
			productName = PokemonBox;
			productReference = 1A5AE5BE2E1466DD0059B905 /* PokemonBox.app */;
			productType = "com.apple.product-type.application";
		};
		1A5AE5D32E1466DE0059B905 /* PokemonBoxTests */ = {
			isa = PBXNativeTarget;
			buildConfigurationList = 1A5AE5EC2E1466DE0059B905 /* Build configuration list for PBXNativeTarget "PokemonBoxTests" */;
			buildPhases = (
				1A5AE5D02E1466DE0059B905 /* Sources */,
				1A5AE5D12E1466DE0059B905 /* Frameworks */,
				1A5AE5D22E1466DE0059B905 /* Resources */,
			);
			buildRules = (
			);
			dependencies = (
				1A5AE5D62E1466DE0059B905 /* PBXTargetDependency */,
			);
			fileSystemSynchronizedGroups = (
				1A5AE5D72E1466DE0059B905 /* PokemonBoxTests */,
			);
			name = PokemonBoxTests;
			packageProductDependencies = (
			);
			productName = PokemonBoxTests;
			productReference = 1A5AE5D42E1466DE0059B905 /* PokemonBoxTests.xctest */;
			productType = "com.apple.product-type.bundle.unit-test";
		};
		1A5AE5DD2E1466DE0059B905 /* PokemonBoxUITests */ = {
			isa = PBXNativeTarget;
			buildConfigurationList = 1A5AE5EF2E1466DE0059B905 /* Build configuration list for PBXNativeTarget "PokemonBoxUITests" */;
			buildPhases = (
				1A5AE5DA2E1466DE0059B905 /* Sources */,
				1A5AE5DB2E1466DE0059B905 /* Frameworks */,
				1A5AE5DC2E1466DE0059B905 /* Resources */,
			);
			buildRules = (
			);
			dependencies = (
				1A5AE5E02E1466DE0059B905 /* PBXTargetDependency */,
			);
			fileSystemSynchronizedGroups = (
				1A5AE5E12E1466DE0059B905 /* PokemonBoxUITests */,
			);
			name = PokemonBoxUITests;
			packageProductDependencies = (
			);
			productName = PokemonBoxUITests;
			productReference = 1A5AE5DE2E1466DE0059B905 /* PokemonBoxUITests.xctest */;
			productType = "com.apple.product-type.bundle.ui-testing";
		};
/* End PBXNativeTarget section */

/* Begin PBXProject section */
		1A5AE5B62E1466DC0059B905 /* Project object */ = {
			isa = PBXProject;
			attributes = {
				BuildIndependentTargetsInParallel = 1;
				LastSwiftUpdateCheck = 1640;
				LastUpgradeCheck = 1640;
				TargetAttributes = {
					1A5AE5BD2E1466DC0059B905 = {
						CreatedOnToolsVersion = 16.4;
					};
					1A5AE5D32E1466DE0059B905 = {
						CreatedOnToolsVersion = 16.4;
						TestTargetID = 1A5AE5BD2E1466DC0059B905;
					};
					1A5AE5DD2E1466DE0059B905 = {
						CreatedOnToolsVersion = 16.4;
						TestTargetID = 1A5AE5BD2E1466DC0059B905;
					};
				};
			};
			buildConfigurationList = 1A5AE5B92E1466DC0059B905 /* Build configuration list for PBXProject "PokemonBox" */;
			developmentRegion = en;
			hasScannedForEncodings = 0;
			knownRegions = (
				en,
				Base,
			);
			mainGroup = 1A5AE5B52E1466DC0059B905;
			minimizedProjectReferenceProxies = 1;
			preferredProjectObjectVersion = 77;
			productRefGroup = 1A5AE5BF2E1466DD0059B905 /* Products */;
			projectDirPath = "";
			projectRoot = "";
			targets = (
				1A5AE5BD2E1466DC0059B905 /* PokemonBox */,
				1A5AE5D32E1466DE0059B905 /* PokemonBoxTests */,
				1A5AE5DD2E1466DE0059B905 /* PokemonBoxUITests */,
			);
		};
/* End PBXProject section */

/* Begin PBXResourcesBuildPhase section */
		1A5AE5BC2E1466DC0059B905 /* Resources */ = {
			isa = PBXResourcesBuildPhase;
			buildActionMask = 2147483647;
			files = (
			);
			runOnlyForDeploymentPostprocessing = 0;
		};
		1A5AE5D22E1466DE0059B905 /* Resources */ = {
			isa = PBXResourcesBuildPhase;
			buildActionMask = 2147483647;
			files = (
			);
			runOnlyForDeploymentPostprocessing = 0;
		};
		1A5AE5DC2E1466DE0059B905 /* Resources */ = {
			isa = PBXResourcesBuildPhase;
			buildActionMask = 2147483647;
			files = (
			);
			runOnlyForDeploymentPostprocessing = 0;
		};
/* End PBXResourcesBuildPhase section */

/* Begin PBXSourcesBuildPhase section */
		1A5AE5BA2E1466DC0059B905 /* Sources */ = {
			isa = PBXSourcesBuildPhase;
			buildActionMask = 2147483647;
			files = (
			);
			runOnlyForDeploymentPostprocessing = 0;
		};
		1A5AE5D02E1466DE0059B905 /* Sources */ = {
			isa = PBXSourcesBuildPhase;
			buildActionMask = 2147483647;
			files = (
			);
			runOnlyForDeploymentPostprocessing = 0;
		};
		1A5AE5DA2E1466DE0059B905 /* Sources */ = {
			isa = PBXSourcesBuildPhase;
			buildActionMask = 2147483647;
			files = (
			);
			runOnlyForDeploymentPostprocessing = 0;
		};
/* End PBXSourcesBuildPhase section */

/* Begin PBXTargetDependency section */
		1A5AE5D62E1466DE0059B905 /* PBXTargetDependency */ = {
			isa = PBXTargetDependency;
			target = 1A5AE5BD2E1466DC0059B905 /* PokemonBox */;
			targetProxy = 1A5AE5D52E1466DE0059B905 /* PBXContainerItemProxy */;
		};
		1A5AE5E02E1466DE0059B905 /* PBXTargetDependency */ = {
			isa = PBXTargetDependency;
			target = 1A5AE5BD2E1466DC0059B905 /* PokemonBox */;
			targetProxy = 1A5AE5DF2E1466DE0059B905 /* PBXContainerItemProxy */;
		};
/* End PBXTargetDependency section */

/* Begin XCBuildConfiguration section */
		1A5AE5E82E1466DE0059B905 /* Debug */ = {
			isa = XCBuildConfiguration;
			buildSettings = {
				ASSETCATALOG_COMPILER_APPICON_NAME = AppIcon;
				ASSETCATALOG_COMPILER_GLOBAL_ACCENT_COLOR_NAME = AccentColor;
				CODE_SIGN_STYLE = Automatic;
				CURRENT_PROJECT_VERSION = 1;
				DEVELOPMENT_TEAM = GXDG2KXXXC;
				GENERATE_INFOPLIST_FILE = YES;
				INFOPLIST_FILE = PokemonBox/Info.plist;
				INFOPLIST_KEY_CFBundleDisplayName = "Pokemon Box";
				INFOPLIST_KEY_LSApplicationCategoryType = "public.app-category.card-games";
				INFOPLIST_KEY_UIApplicationSupportsIndirectInputEvents = YES;
				INFOPLIST_KEY_UISupportedInterfaceOrientations = UIInterfaceOrientationPortrait;
				INFOPLIST_KEY_UISupportedInterfaceOrientations_iPad = "UIInterfaceOrientationLandscapeLeft UIInterfaceOrientationLandscapeRight UIInterfaceOrientationPortrait UIInterfaceOrientationPortraitUpsideDown";
				IPHONEOS_DEPLOYMENT_TARGET = 18.0;
				LD_RUNPATH_SEARCH_PATHS = (
					"$(inherited)",
					"@executable_path/Frameworks",
				);
				MARKETING_VERSION = 1.0;
				PRODUCT_BUNDLE_IDENTIFIER = dev.novoselov.PokemonBox;
				PRODUCT_NAME = "$(TARGET_NAME)";
				SUPPORTED_PLATFORMS = "iphoneos iphonesimulator";
				SUPPORTS_MACCATALYST = NO;
				SUPPORTS_MAC_DESIGNED_FOR_IPHONE_IPAD = NO;
				SUPPORTS_XR_DESIGNED_FOR_IPHONE_IPAD = NO;
				SWIFT_EMIT_LOC_STRINGS = YES;
				SWIFT_VERSION = 5.0;
				TARGETED_DEVICE_FAMILY = 1;
			};
			name = Debug;
		};
		1A5AE5E92E1466DE0059B905 /* Release */ = {
			isa = XCBuildConfiguration;
			buildSettings = {
				ASSETCATALOG_COMPILER_APPICON_NAME = AppIcon;
				ASSETCATALOG_COMPILER_GLOBAL_ACCENT_COLOR_NAME = AccentColor;
				CODE_SIGN_STYLE = Automatic;
				CURRENT_PROJECT_VERSION = 1;
				DEVELOPMENT_TEAM = GXDG2KXXXC;
				GENERATE_INFOPLIST_FILE = YES;
				INFOPLIST_FILE = PokemonBox/Info.plist;
				INFOPLIST_KEY_CFBundleDisplayName = "Pokemon Box";
				INFOPLIST_KEY_LSApplicationCategoryType = "public.app-category.card-games";
				INFOPLIST_KEY_UIApplicationSupportsIndirectInputEvents = YES;
				INFOPLIST_KEY_UISupportedInterfaceOrientations = UIInterfaceOrientationPortrait;
				INFOPLIST_KEY_UISupportedInterfaceOrientations_iPad = "UIInterfaceOrientationLandscapeLeft UIInterfaceOrientationLandscapeRight UIInterfaceOrientationPortrait UIInterfaceOrientationPortraitUpsideDown";
				IPHONEOS_DEPLOYMENT_TARGET = 18.0;
				LD_RUNPATH_SEARCH_PATHS = (
					"$(inherited)",
					"@executable_path/Frameworks",
				);
				MARKETING_VERSION = 1.0;
				PRODUCT_BUNDLE_IDENTIFIER = dev.novoselov.PokemonBox;
				PRODUCT_NAME = "$(TARGET_NAME)";
				SUPPORTED_PLATFORMS = "iphoneos iphonesimulator";
				SUPPORTS_MACCATALYST = NO;
				SUPPORTS_MAC_DESIGNED_FOR_IPHONE_IPAD = NO;
				SUPPORTS_XR_DESIGNED_FOR_IPHONE_IPAD = NO;
				SWIFT_EMIT_LOC_STRINGS = YES;
				SWIFT_VERSION = 5.0;
				TARGETED_DEVICE_FAMILY = 1;
			};
			name = Release;
		};
		1A5AE5EA2E1466DE0059B905 /* Debug */ = {
			isa = XCBuildConfiguration;
			buildSettings = {
				ALWAYS_SEARCH_USER_PATHS = NO;
				ASSETCATALOG_COMPILER_GENERATE_SWIFT_ASSET_SYMBOL_EXTENSIONS = YES;
				CLANG_ANALYZER_NONNULL = YES;
				CLANG_ANALYZER_NUMBER_OBJECT_CONVERSION = YES_AGGRESSIVE;
				CLANG_CXX_LANGUAGE_STANDARD = "gnu++20";
				CLANG_ENABLE_MODULES = YES;
				CLANG_ENABLE_OBJC_ARC = YES;
				CLANG_ENABLE_OBJC_WEAK = YES;
				CLANG_WARN_BLOCK_CAPTURE_AUTORELEASING = YES;
				CLANG_WARN_BOOL_CONVERSION = YES;
				CLANG_WARN_COMMA = YES;
				CLANG_WARN_CONSTANT_CONVERSION = YES;
				CLANG_WARN_DEPRECATED_OBJC_IMPLEMENTATIONS = YES;
				CLANG_WARN_DIRECT_OBJC_ISA_USAGE = YES_ERROR;
				CLANG_WARN_DOCUMENTATION_COMMENTS = YES;
				CLANG_WARN_EMPTY_BODY = YES;
				CLANG_WARN_ENUM_CONVERSION = YES;
				CLANG_WARN_INFINITE_RECURSION = YES;
				CLANG_WARN_INT_CONVERSION = YES;
				CLANG_WARN_NON_LITERAL_NULL_CONVERSION = YES;
				CLANG_WARN_OBJC_IMPLICIT_RETAIN_SELF = YES;
				CLANG_WARN_OBJC_LITERAL_CONVERSION = YES;
				CLANG_WARN_OBJC_ROOT_CLASS = YES_ERROR;
				CLANG_WARN_QUOTED_INCLUDE_IN_FRAMEWORK_HEADER = YES;
				CLANG_WARN_RANGE_LOOP_ANALYSIS = YES;
				CLANG_WARN_STRICT_PROTOTYPES = YES;
				CLANG_WARN_SUSPICIOUS_MOVE = YES;
				CLANG_WARN_UNGUARDED_AVAILABILITY = YES_AGGRESSIVE;
				CLANG_WARN_UNREACHABLE_CODE = YES;
				CLANG_WARN__DUPLICATE_METHOD_MATCH = YES;
				COPY_PHASE_STRIP = NO;
				DEBUG_INFORMATION_FORMAT = dwarf;
				DEVELOPMENT_TEAM = GXDG2KXXXC;
				ENABLE_STRICT_OBJC_MSGSEND = YES;
				ENABLE_TESTABILITY = YES;
				ENABLE_USER_SCRIPT_SANDBOXING = YES;
				GCC_C_LANGUAGE_STANDARD = gnu17;
				GCC_DYNAMIC_NO_PIC = NO;
				GCC_NO_COMMON_BLOCKS = YES;
				GCC_OPTIMIZATION_LEVEL = 0;
				GCC_PREPROCESSOR_DEFINITIONS = (
					"DEBUG=1",
					"$(inherited)",
				);
				GCC_WARN_64_TO_32_BIT_CONVERSION = YES;
				GCC_WARN_ABOUT_RETURN_TYPE = YES_ERROR;
				GCC_WARN_UNDECLARED_SELECTOR = YES;
				GCC_WARN_UNINITIALIZED_AUTOS = YES_AGGRESSIVE;
				GCC_WARN_UNUSED_FUNCTION = YES;
				GCC_WARN_UNUSED_VARIABLE = YES;
				IPHONEOS_DEPLOYMENT_TARGET = 18.5;
				LOCALIZATION_PREFERS_STRING_CATALOGS = YES;
				MTL_ENABLE_DEBUG_INFO = INCLUDE_SOURCE;
				MTL_FAST_MATH = YES;
				ONLY_ACTIVE_ARCH = YES;
				SDKROOT = iphoneos;
				SWIFT_ACTIVE_COMPILATION_CONDITIONS = "DEBUG $(inherited)";
				SWIFT_OPTIMIZATION_LEVEL = "-Onone";
			};
			name = Debug;
		};
		1A5AE5EB2E1466DE0059B905 /* Release */ = {
			isa = XCBuildConfiguration;
			buildSettings = {
				ALWAYS_SEARCH_USER_PATHS = NO;
				ASSETCATALOG_COMPILER_GENERATE_SWIFT_ASSET_SYMBOL_EXTENSIONS = YES;
				CLANG_ANALYZER_NONNULL = YES;
				CLANG_ANALYZER_NUMBER_OBJECT_CONVERSION = YES_AGGRESSIVE;
				CLANG_CXX_LANGUAGE_STANDARD = "gnu++20";
				CLANG_ENABLE_MODULES = YES;
				CLANG_ENABLE_OBJC_ARC = YES;
				CLANG_ENABLE_OBJC_WEAK = YES;
				CLANG_WARN_BLOCK_CAPTURE_AUTORELEASING = YES;
				CLANG_WARN_BOOL_CONVERSION = YES;
				CLANG_WARN_COMMA = YES;
				CLANG_WARN_CONSTANT_CONVERSION = YES;
				CLANG_WARN_DEPRECATED_OBJC_IMPLEMENTATIONS = YES;
				CLANG_WARN_DIRECT_OBJC_ISA_USAGE = YES_ERROR;
				CLANG_WARN_DOCUMENTATION_COMMENTS = YES;
				CLANG_WARN_EMPTY_BODY = YES;
				CLANG_WARN_ENUM_CONVERSION = YES;
				CLANG_WARN_INFINITE_RECURSION = YES;
				CLANG_WARN_INT_CONVERSION = YES;
				CLANG_WARN_NON_LITERAL_NULL_CONVERSION = YES;
				CLANG_WARN_OBJC_IMPLICIT_RETAIN_SELF = YES;
				CLANG_WARN_OBJC_LITERAL_CONVERSION = YES;
				CLANG_WARN_OBJC_ROOT_CLASS = YES_ERROR;
				CLANG_WARN_QUOTED_INCLUDE_IN_FRAMEWORK_HEADER = YES;
				CLANG_WARN_RANGE_LOOP_ANALYSIS = YES;
				CLANG_WARN_STRICT_PROTOTYPES = YES;
				CLANG_WARN_SUSPICIOUS_MOVE = YES;
				CLANG_WARN_UNGUARDED_AVAILABILITY = YES_AGGRESSIVE;
				CLANG_WARN_UNREACHABLE_CODE = YES;
				CLANG_WARN__DUPLICATE_METHOD_MATCH = YES;
				COPY_PHASE_STRIP = NO;
				DEBUG_INFORMATION_FORMAT = "dwarf-with-dsym";
				DEVELOPMENT_TEAM = GXDG2KXXXC;
				ENABLE_NS_ASSERTIONS = NO;
				ENABLE_STRICT_OBJC_MSGSEND = YES;
				ENABLE_USER_SCRIPT_SANDBOXING = YES;
				GCC_C_LANGUAGE_STANDARD = gnu17;
				GCC_NO_COMMON_BLOCKS = YES;
				GCC_WARN_64_TO_32_BIT_CONVERSION = YES;
				GCC_WARN_ABOUT_RETURN_TYPE = YES_ERROR;
				GCC_WARN_UNDECLARED_SELECTOR = YES;
				GCC_WARN_UNINITIALIZED_AUTOS = YES_AGGRESSIVE;
				GCC_WARN_UNUSED_FUNCTION = YES;
				GCC_WARN_UNUSED_VARIABLE = YES;
				IPHONEOS_DEPLOYMENT_TARGET = 18.5;
				LOCALIZATION_PREFERS_STRING_CATALOGS = YES;
				MTL_ENABLE_DEBUG_INFO = NO;
				MTL_FAST_MATH = YES;
				SDKROOT = iphoneos;
				SWIFT_COMPILATION_MODE = wholemodule;
				VALIDATE_PRODUCT = YES;
			};
			name = Release;
		};
		1A5AE5ED2E1466DE0059B905 /* Debug */ = {
			isa = XCBuildConfiguration;
			buildSettings = {
				BUNDLE_LOADER = "$(TEST_HOST)";
				CODE_SIGN_STYLE = Automatic;
				CURRENT_PROJECT_VERSION = 1;
				DEVELOPMENT_TEAM = GXDG2KXXXC;
				GENERATE_INFOPLIST_FILE = YES;
				IPHONEOS_DEPLOYMENT_TARGET = 18.5;
				MARKETING_VERSION = 1.0;
				PRODUCT_BUNDLE_IDENTIFIER = dev.novoselov.PokemonBoxTests;
				PRODUCT_NAME = "$(TARGET_NAME)";
				SWIFT_EMIT_LOC_STRINGS = NO;
				SWIFT_VERSION = 5.0;
				TARGETED_DEVICE_FAMILY = "1,2";
				TEST_HOST = "$(BUILT_PRODUCTS_DIR)/PokemonBox.app/$(BUNDLE_EXECUTABLE_FOLDER_PATH)/PokemonBox";
			};
			name = Debug;
		};
		1A5AE5EE2E1466DE0059B905 /* Release */ = {
			isa = XCBuildConfiguration;
			buildSettings = {
				BUNDLE_LOADER = "$(TEST_HOST)";
				CODE_SIGN_STYLE = Automatic;
				CURRENT_PROJECT_VERSION = 1;
				DEVELOPMENT_TEAM = GXDG2KXXXC;
				GENERATE_INFOPLIST_FILE = YES;
				IPHONEOS_DEPLOYMENT_TARGET = 18.5;
				MARKETING_VERSION = 1.0;
				PRODUCT_BUNDLE_IDENTIFIER = dev.novoselov.PokemonBoxTests;
				PRODUCT_NAME = "$(TARGET_NAME)";
				SWIFT_EMIT_LOC_STRINGS = NO;
				SWIFT_VERSION = 5.0;
				TARGETED_DEVICE_FAMILY = "1,2";
				TEST_HOST = "$(BUILT_PRODUCTS_DIR)/PokemonBox.app/$(BUNDLE_EXECUTABLE_FOLDER_PATH)/PokemonBox";
			};
			name = Release;
		};
		1A5AE5F02E1466DE0059B905 /* Debug */ = {
			isa = XCBuildConfiguration;
			buildSettings = {
				CODE_SIGN_STYLE = Automatic;
				CURRENT_PROJECT_VERSION = 1;
				DEVELOPMENT_TEAM = GXDG2KXXXC;
				GENERATE_INFOPLIST_FILE = YES;
				MARKETING_VERSION = 1.0;
				PRODUCT_BUNDLE_IDENTIFIER = dev.novoselov.PokemonBoxUITests;
				PRODUCT_NAME = "$(TARGET_NAME)";
				SWIFT_EMIT_LOC_STRINGS = NO;
				SWIFT_VERSION = 5.0;
				TARGETED_DEVICE_FAMILY = "1,2";
				TEST_TARGET_NAME = PokemonBox;
			};
			name = Debug;
		};
		1A5AE5F12E1466DE0059B905 /* Release */ = {
			isa = XCBuildConfiguration;
			buildSettings = {
				CODE_SIGN_STYLE = Automatic;
				CURRENT_PROJECT_VERSION = 1;
				DEVELOPMENT_TEAM = GXDG2KXXXC;
				GENERATE_INFOPLIST_FILE = YES;
				MARKETING_VERSION = 1.0;
				PRODUCT_BUNDLE_IDENTIFIER = dev.novoselov.PokemonBoxUITests;
				PRODUCT_NAME = "$(TARGET_NAME)";
				SWIFT_EMIT_LOC_STRINGS = NO;
				SWIFT_VERSION = 5.0;
				TARGETED_DEVICE_FAMILY = "1,2";
				TEST_TARGET_NAME = PokemonBox;
			};
			name = Release;
		};
/* End XCBuildConfiguration section */

/* Begin XCConfigurationList section */
		1A5AE5B92E1466DC0059B905 /* Build configuration list for PBXProject "PokemonBox" */ = {
			isa = XCConfigurationList;
			buildConfigurations = (
				1A5AE5EA2E1466DE0059B905 /* Debug */,
				1A5AE5EB2E1466DE0059B905 /* Release */,
			);
			defaultConfigurationIsVisible = 0;
			defaultConfigurationName = Release;
		};
		1A5AE5E72E1466DE0059B905 /* Build configuration list for PBXNativeTarget "PokemonBox" */ = {
			isa = XCConfigurationList;
			buildConfigurations = (
				1A5AE5E82E1466DE0059B905 /* Debug */,
				1A5AE5E92E1466DE0059B905 /* Release */,
			);
			defaultConfigurationIsVisible = 0;
			defaultConfigurationName = Release;
		};
		1A5AE5EC2E1466DE0059B905 /* Build configuration list for PBXNativeTarget "PokemonBoxTests" */ = {
			isa = XCConfigurationList;
			buildConfigurations = (
				1A5AE5ED2E1466DE0059B905 /* Debug */,
				1A5AE5EE2E1466DE0059B905 /* Release */,
			);
			defaultConfigurationIsVisible = 0;
			defaultConfigurationName = Release;
		};
		1A5AE5EF2E1466DE0059B905 /* Build configuration list for PBXNativeTarget "PokemonBoxUITests" */ = {
			isa = XCConfigurationList;
			buildConfigurations = (
				1A5AE5F02E1466DE0059B905 /* Debug */,
				1A5AE5F12E1466DE0059B905 /* Release */,
			);
			defaultConfigurationIsVisible = 0;
			defaultConfigurationName = Release;
		};
/* End XCConfigurationList section */
	};
	rootObject = 1A5AE5B62E1466DC0059B905 /* Project object */;
}
